
Microsoft Visual Studio Solution File, Format Version 12.00
# Visual Studio Version 17
VisualStudioVersion = 17.7.34024.191
MinimumVisualStudioVersion = 10.0.40219.1
Project("{911E67C6-3D85-4FCE-B560-20A9C3E3FF48}") = "Projeto1", "Projeto1.exe", "{158CE010-BA30-40CA-AF65-F5ED001DDEEE}"
	ProjectSection(DebuggerProjectSystem) = preProject
		PortSupplier = 00000000-0000-0000-0000-000000000000
		Executable = C:\Users\Acer\OneDrive - Fatec Centro Paula Souza\Projects\c++\Projeto1.exe
		RemoteMachine = DESKTOP-HQ54PE1
		StartingDirectory = C:\Users\Acer\OneDrive - Fatec Centro Paula Souza\Projects\c++
		Environment = Padrão
		LaunchingEngine = 00000000-0000-0000-0000-000000000000
		UseLegacyDebugEngines = No
		LaunchSQLEngine = No
		AttachLaunchAction = No
		IORedirection = Auto
	EndProjectSection
EndProject
Global
	GlobalSection(SolutionConfigurationPlatforms) = preSolution
		Release|x64 = Release|x64
	EndGlobalSection
	GlobalSection(ProjectConfigurationPlatforms) = postSolution
		{158CE010-BA30-40CA-AF65-F5ED001DDEEE}.Release|x64.ActiveCfg = Release|x64
	EndGlobalSection
	GlobalSection(SolutionProperties) = preSolution
		HideSolutionNode = FALSE
	EndGlobalSection
	GlobalSection(ExtensibilityGlobals) = postSolution
		SolutionGuid = {68CA3DA8-B0E2-4F6E-97DF-57ED1A19B5F9}
	EndGlobalSection
EndGlobal
